[[package]]
category = "main"
description = "Common protobufs used in Google APIs"
name = "googleapis-common-protos"
optional = false
python-versions = "*"
version = "1.6.0"

[package.dependencies]
protobuf = ">=3.6.0"

[[package]]
category = "main"
description = "Protocol Buffers"
name = "protobuf"
optional = false
python-versions = "*"
version = "3.9.1"

[package.dependencies]
setuptools = "*"
six = ">=1.9"

[[package]]
category = "main"
description = "Python 2 and 3 compatibility utilities"
name = "six"
optional = false
python-versions = ">=2.6, !=3.0.*, !=3.1.*"
version = "1.12.0"

[[package]]
category = "main"
description = "Type Hints for Python"
name = "typing"
optional = false
python-versions = "*"
version = "3.7.4.1"

[[package]]
category = "main"
description = "Backported and Experimental Type Hints for Python 3.5+"
name = "typing-extensions"
optional = false
python-versions = "*"
version = "3.7.4"

[package.dependencies]
typing = ">=3.7.4"

[metadata]
content-hash = "8d81b1473580144ef0c29e0a572b25676c258b46cffdb1b0dda948ab67776197"
python-versions = "^2.7 || ^3.4"

[metadata.hashes]
googleapis-common-protos = ["e61b8ed5e36b976b487c6e7b15f31bb10c7a0ca7bd5c0e837f4afab64b53a0c6"]
protobuf = ["00a1b0b352dc7c809749526d1688a64b62ea400c5b05416f93cfb1b11a036295", "01acbca2d2c8c3f7f235f1842440adbe01bbc379fa1cbdd80753801432b3fae9", "0a795bca65987b62d6b8a2d934aa317fd1a4d06a6dd4df36312f5b0ade44a8d9", "0ec035114213b6d6e7713987a759d762dd94e9f82284515b3b7331f34bfaec7f", "31b18e1434b4907cb0113e7a372cd4d92c047ce7ba0fa7ea66a404d6388ed2c1", "32a3abf79b0bef073c70656e86d5bd68a28a1fbb138429912c4fc07b9d426b07", "55f85b7808766e5e3f526818f5e2aeb5ba2edcc45bcccede46a3ccc19b569cb0", "64ab9bc971989cbdd648c102a96253fdf0202b0c38f15bd34759a8707bdd5f64", "64cf847e843a465b6c1ba90fb6c7f7844d54dbe9eb731e86a60981d03f5b2e6e", "917c8662b585470e8fd42f052661fc66d59fccaae450a60044307dcbf82a3335", "afed9003d7f2be2c3df20f64220c30faec441073731511728a2cb4cab4cd46a6", "b883d7eb129b1b57c5128146bc7c2d1f15de457e96a549827fbee6f26eeedc46", "bf8e05d638b585d1752c5a84247134a0350d3a8b73d3632489a014a9f6f1e758", "d831b047bd69becaf64019a47179eb22118a50dd008340655266a906c69c6417", "de2760583ed28749ff885789c1cbc6c9c06d6de92fc825740ab99deb2f25ea4d", "eabc4cf1bc19689af8022ba52fd668564a8d96e0d08f3b4732d26a64255216a4", "fcff6086c86fb1628d94ea455c7b9de898afc50378042927a59df8065a79a549"]
six = ["3350809f0555b11f552448330d0b52d5f24c91a322ea4a15ef22629740f3761c", "d16a0141ec1a18405cd4ce8b4613101da75da0e9a7aec5bdd4fa804d0e0eba73"]
typing = ["91dfe6f3f706ee8cc32d38edbbf304e9b7583fb37108fef38229617f8b3eba23", "c8cabb5ab8945cd2f54917be357d134db9cc1eb039e59d1606dc1e60cb1d9d36", "f38d83c5a7a7086543a0f649564d661859c5146a85775ab90c0d2f93ffaa9714"]
typing-extensions = ["2ed632b30bb54fc3941c382decfd0ee4148f5c591651c9272473fea2c6397d95", "b1edbbf0652660e32ae780ac9433f4231e7339c7f9a8057d0f042fcbcea49b87", "d8179012ec2c620d3791ca6fe2bf7979d979acdbef1fca0bc56b37411db682ed"]
